// !$*UTF8*$!
{
	archiveVersion = 1;
	classes = {
	};
	objectVersion = 48;
	objects = {

/* Begin PBXBuildFile section */
		3E359992208E7322000897DB /* AppDelegate.swift in Sources */ = {isa = PBXBuildFile; fileRef = 3E359991208E7322000897DB /* AppDelegate.swift */; };
		3E359994208E7322000897DB /* ViewController.swift in Sources */ = {isa = PBXBuildFile; fileRef = 3E359993208E7322000897DB /* ViewController.swift */; };
		3E359997208E7322000897DB /* Main.storyboard in Resources */ = {isa = PBXBuildFile; fileRef = 3E359995208E7322000897DB /* Main.storyboard */; };
		3E359999208E7322000897DB /* Assets.xcassets in Resources */ = {isa = PBXBuildFile; fileRef = 3E359998208E7322000897DB /* Assets.xcassets */; };
		3E35999C208E7322000897DB /* LaunchScreen.storyboard in Resources */ = {isa = PBXBuildFile; fileRef = 3E35999A208E7322000897DB /* LaunchScreen.storyboard */; };
		3E3599A7208E7322000897DB /* app6Tests.swift in Sources */ = {isa = PBXBuildFile; fileRef = 3E3599A6208E7322000897DB /* app6Tests.swift */; };
		3E3599B2208E7322000897DB /* app6UITests.swift in Sources */ = {isa = PBXBuildFile; fileRef = 3E3599B1208E7322000897DB /* app6UITests.swift */; };
		3E3599C0208E784E000897DB /* ResultViewController.swift in Sources */ = {isa = PBXBuildFile; fileRef = 3E3599BF208E784E000897DB /* ResultViewController.swift */; };
/* End PBXBuildFile section */

/* Begin PBXContainerItemProxy section */
		3E3599A3208E7322000897DB /* PBXContainerItemProxy */ = {
			isa = PBXContainerItemProxy;
			containerPortal = 3E359986208E7322000897DB /* Project object */;
			proxyType = 1;
			remoteGlobalIDString = 3E35998D208E7322000897DB;
			remoteInfo = app6;
		};
		3E3599AE208E7322000897DB /* PBXContainerItemProxy */ = {
			isa = PBXContainerItemProxy;
			containerPortal = 3E359986208E7322000897DB /* Project object */;
			proxyType = 1;
			remoteGlobalIDString = 3E35998D208E7322000897DB;
			remoteInfo = app6;
		};
/* End PBXContainerItemProxy section */

/* Begin PBXFileReference section */
		3E35998E208E7322000897DB /* app6.app */ = {isa = PBXFileReference; explicitFileType = wrapper.application; includeInIndex = 0; path = app6.app; sourceTree = BUILT_PRODUCTS_DIR; };
		3E359991208E7322000897DB /* AppDelegate.swift */ = {isa = PBXFileReference; lastKnownFileType = sourcecode.swift; path = AppDelegate.swift; sourceTree = "<group>"; };
		3E359993208E7322000897DB /* ViewController.swift */ = {isa = PBXFileReference; lastKnownFileType = sourcecode.swift; path = ViewController.swift; sourceTree = "<group>"; };
		3E359996208E7322000897DB /* Base */ = {isa = PBXFileReference; lastKnownFileType = file.storyboard; name = Base; path = Base.lproj/Main.storyboard; sourceTree = "<group>"; };
		3E359998208E7322000897DB /* Assets.xcassets */ = {isa = PBXFileReference; lastKnownFileType = folder.assetcatalog; path = Assets.xcassets; sourceTree = "<group>"; };
		3E35999B208E7322000897DB /* Base */ = {isa = PBXFileReference; lastKnownFileType = file.storyboard; name = Base; path = Base.lproj/LaunchScreen.storyboard; sourceTree = "<group>"; };
		3E35999D208E7322000897DB /* Info.plist */ = {isa = PBXFileReference; lastKnownFileType = text.plist.xml; path = Info.plist; sourceTree = "<group>"; };
		3E3599A2208E7322000897DB /* app6Tests.xctest */ = {isa = PBXFileReference; explicitFileType = wrapper.cfbundle; includeInIndex = 0; path = app6Tests.xctest; sourceTree = BUILT_PRODUCTS_DIR; };
		3E3599A6208E7322000897DB /* app6Tests.swift */ = {isa = PBXFileReference; lastKnownFileType = sourcecode.swift; path = app6Tests.swift; sourceTree = "<group>"; };
		3E3599A8208E7322000897DB /* Info.plist */ = {isa = PBXFileReference; lastKnownFileType = text.plist.xml; path = Info.plist; sourceTree = "<group>"; };
		3E3599AD208E7322000897DB /* app6UITests.xctest */ = {isa = PBXFileReference; explicitFileType = wrapper.cfbundle; includeInIndex = 0; path = app6UITests.xctest; sourceTree = BUILT_PRODUCTS_DIR; };
		3E3599B1208E7322000897DB /* app6UITests.swift */ = {isa = PBXFileReference; lastKnownFileType = sourcecode.swift; path = app6UITests.swift; sourceTree = "<group>"; };
		3E3599B3208E7323000897DB /* Info.plist */ = {isa = PBXFileReference; lastKnownFileType = text.plist.xml; path = Info.plist; sourceTree = "<group>"; };
		3E3599BF208E784E000897DB /* ResultViewController.swift */ = {isa = PBXFileReference; lastKnownFileType = sourcecode.swift; path = ResultViewController.swift; sourceTree = "<group>"; };
/* End PBXFileReference section */

/* Begin PBXFrameworksBuildPhase section */
		3E35998B208E7322000897DB /* Frameworks */ = {
			isa = PBXFrameworksBuildPhase;
			buildActionMask = 2147483647;
			files = (
			);
			runOnlyForDeploymentPostprocessing = 0;
		};
		3E35999F208E7322000897DB /* Frameworks */ = {
			isa = PBXFrameworksBuildPhase;
			buildActionMask = 2147483647;
			files = (
			);
			runOnlyForDeploymentPostprocessing = 0;
		};
		3E3599AA208E7322000897DB /* Frameworks */ = {
			isa = PBXFrameworksBuildPhase;
			buildActionMask = 2147483647;
			files = (
			);
			runOnlyForDeploymentPostprocessing = 0;
		};
/* End PBXFrameworksBuildPhase section */

/* Begin PBXGroup section */
		3E359985208E7322000897DB = {
			isa = PBXGroup;
			children = (
				3E359990208E7322000897DB /* app6 */,
				3E3599A5208E7322000897DB /* app6Tests */,
				3E3599B0208E7322000897DB /* app6UITests */,
				3E35998F208E7322000897DB /* Products */,
			);
			sourceTree = "<group>";
		};
		3E35998F208E7322000897DB /* Products */ = {
			isa = PBXGroup;
			children = (
				3E35998E208E7322000897DB /* app6.app */,
				3E3599A2208E7322000897DB /* app6Tests.xctest */,
				3E3599AD208E7322000897DB /* app6UITests.xctest */,
			);
			name = Products;
			sourceTree = "<group>";
		};
		3E359990208E7322000897DB /* app6 */ = {
			isa = PBXGroup;
			children = (
				3E359991208E7322000897DB /* AppDelegate.swift */,
				3E359993208E7322000897DB /* ViewController.swift */,
				3E3599BF208E784E000897DB /* ResultViewController.swift */,
				3E359995208E7322000897DB /* Main.storyboard */,
				3E359998208E7322000897DB /* Assets.xcassets */,
				3E35999A208E7322000897DB /* LaunchScreen.storyboard */,
				3E35999D208E7322000897DB /* Info.plist */,
			);
			path = app6;
			sourceTree = "<group>";
		};
		3E3599A5208E7322000897DB /* app6Tests */ = {
			isa = PBXGroup;
			children = (
				3E3599A6208E7322000897DB /* app6Tests.swift */,
				3E3599A8208E7322000897DB /* Info.plist */,
			);
			path = app6Tests;
			sourceTree = "<group>";
		};
		3E3599B0208E7322000897DB /* app6UITests */ = {
			isa = PBXGroup;
			children = (
				3E3599B1208E7322000897DB /* app6UITests.swift */,
				3E3599B3208E7323000897DB /* Info.plist */,
			);
			path = app6UITests;
			sourceTree = "<group>";
		};
/* End PBXGroup section */

/* Begin PBXNativeTarget section */
		3E35998D208E7322000897DB /* app6 */ = {
			isa = PBXNativeTarget;
			buildConfigurationList = 3E3599B6208E7323000897DB /* Build configuration list for PBXNativeTarget "app6" */;
			buildPhases = (
				3E35998A208E7322000897DB /* Sources */,
				3E35998B208E7322000897DB /* Frameworks */,
				3E35998C208E7322000897DB /* Resources */,
			);
			buildRules = (
			);
			dependencies = (
			);
			name = app6;
			productName = app6;
			productReference = 3E35998E208E7322000897DB /* app6.app */;
			productType = "com.apple.product-type.application";
		};
		3E3599A1208E7322000897DB /* app6Tests */ = {
			isa = PBXNativeTarget;
			buildConfigurationList = 3E3599B9208E7323000897DB /* Build configuration list for PBXNativeTarget "app6Tests" */;
			buildPhases = (
				3E35999E208E7322000897DB /* Sources */,
				3E35999F208E7322000897DB /* Frameworks */,
				3E3599A0208E7322000897DB /* Resources */,
			);
			buildRules = (
			);
			dependencies = (
				3E3599A4208E7322000897DB /* PBXTargetDependency */,
			);
			name = app6Tests;
			productName = app6Tests;
			productReference = 3E3599A2208E7322000897DB /* app6Tests.xctest */;
			productType = "com.apple.product-type.bundle.unit-test";
		};
		3E3599AC208E7322000897DB /* app6UITests */ = {
			isa = PBXNativeTarget;
			buildConfigurationList = 3E3599BC208E7323000897DB /* Build configuration list for PBXNativeTarget "app6UITests" */;
			buildPhases = (
				3E3599A9208E7322000897DB /* Sources */,
				3E3599AA208E7322000897DB /* Frameworks */,
				3E3599AB208E7322000897DB /* Resources */,
			);
			buildRules = (
			);
			dependencies = (
				3E3599AF208E7322000897DB /* PBXTargetDependency */,
			);
			name = app6UITests;
			productName = app6UITests;
			productReference = 3E3599AD208E7322000897DB /* app6UITests.xctest */;
			productType = "com.apple.product-type.bundle.ui-testing";
		};
/* End PBXNativeTarget section */

/* Begin PBXProject section */
		3E359986208E7322000897DB /* Project object */ = {
			isa = PBXProject;
			attributes = {
				LastSwiftUpdateCheck = 0920;
				LastUpgradeCheck = 0920;
				ORGANIZATIONNAME = Codgin;
				TargetAttributes = {
					3E35998D208E7322000897DB = {
						CreatedOnToolsVersion = 9.2;
						ProvisioningStyle = Automatic;
					};
					3E3599A1208E7322000897DB = {
						CreatedOnToolsVersion = 9.2;
						ProvisioningStyle = Automatic;
						TestTargetID = 3E35998D208E7322000897DB;
					};
					3E3599AC208E7322000897DB = {
						CreatedOnToolsVersion = 9.2;
						ProvisioningStyle = Automatic;
						TestTargetID = 3E35998D208E7322000897DB;
					};
				};
			};
			buildConfigurationList = 3E359989208E7322000897DB /* Build configuration list for PBXProject "app6" */;
			compatibilityVersion = "Xcode 8.0";
			developmentRegion = en;
			hasScannedForEncodings = 0;
			knownRegions = (
				en,
				Base,
			);
			mainGroup = 3E359985208E7322000897DB;
			productRefGroup = 3E35998F208E7322000897DB /* Products */;
			projectDirPath = "";
			projectRoot = "";
			targets = (
				3E35998D208E7322000897DB /* app6 */,
				3E3599A1208E7322000897DB /* app6Tests */,
				3E3599AC208E7322000897DB /* app6UITests */,
			);
		};
/* End PBXProject section */

/* Begin PBXResourcesBuildPhase section */
		3E35998C208E7322000897DB /* Resources */ = {
			isa = PBXResourcesBuildPhase;
			buildActionMask = 2147483647;
			files = (
				3E35999C208E7322000897DB /* LaunchScreen.storyboard in Resources */,
				3E359999208E7322000897DB /* Assets.xcassets in Resources */,
				3E359997208E7322000897DB /* Main.storyboard in Resources */,
			);
			runOnlyForDeploymentPostprocessing = 0;
		};
		3E3599A0208E7322000897DB /* Resources */ = {
			isa = PBXResourcesBuildPhase;
			buildActionMask = 2147483647;
			files = (
			);
			runOnlyForDeploymentPostprocessing = 0;
		};
		3E3599AB208E7322000897DB /* Resources */ = {
			isa = PBXResourcesBuildPhase;
			buildActionMask = 2147483647;
			files = (
			);
			runOnlyForDeploymentPostprocessing = 0;
		};
/* End PBXResourcesBuildPhase section */

/* Begin PBXSourcesBuildPhase section */
		3E35998A208E7322000897DB /* Sources */ = {
			isa = PBXSourcesBuildPhase;
			buildActionMask = 2147483647;
			files = (
				3E359994208E7322000897DB /* ViewController.swift in Sources */,
				3E359992208E7322000897DB /* AppDelegate.swift in Sources */,
				3E3599C0208E784E000897DB /* ResultViewController.swift in Sources */,
			);
			runOnlyForDeploymentPostprocessing = 0;
		};
		3E35999E208E7322000897DB /* Sources */ = {
			isa = PBXSourcesBuildPhase;
			buildActionMask = 2147483647;
			files = (
				3E3599A7208E7322000897DB /* app6Tests.swift in Sources */,
			);
			runOnlyForDeploymentPostprocessing = 0;
		};
		3E3599A9208E7322000897DB /* Sources */ = {
			isa = PBXSourcesBuildPhase;
			buildActionMask = 2147483647;
			files = (
				3E3599B2208E7322000897DB /* app6UITests.swift in Sources */,
			);
			runOnlyForDeploymentPostprocessing = 0;
		};
/* End PBXSourcesBuildPhase section */

/* Begin PBXTargetDependency section */
		3E3599A4208E7322000897DB /* PBXTargetDependency */ = {
			isa = PBXTargetDependency;
			target = 3E35998D208E7322000897DB /* app6 */;
			targetProxy = 3E3599A3208E7322000897DB /* PBXContainerItemProxy */;
		};
		3E3599AF208E7322000897DB /* PBXTargetDependency */ = {
			isa = PBXTargetDependency;
			target = 3E35998D208E7322000897DB /* app6 */;
			targetProxy = 3E3599AE208E7322000897DB /* PBXContainerItemProxy */;
		};
/* End PBXTargetDependency section */

/* Begin PBXVariantGroup section */
		3E359995208E7322000897DB /* Main.storyboard */ = {
			isa = PBXVariantGroup;
			children = (
				3E359996208E7322000897DB /* Base */,
			);
			name = Main.storyboard;
			sourceTree = "<group>";
		};
		3E35999A208E7322000897DB /* LaunchScreen.storyboard */ = {
			isa = PBXVariantGroup;
			children = (
				3E35999B208E7322000897DB /* Base */,
			);
			name = LaunchScreen.storyboard;
			sourceTree = "<group>";
		};
/* End PBXVariantGroup section */

/* Begin XCBuildConfiguration section */
		3E3599B4208E7323000897DB /* Debug */ = {
			isa = XCBuildConfiguration;
			buildSettings = {
				ALWAYS_SEARCH_USER_PATHS = NO;
				CLANG_ANALYZER_NONNULL = YES;
				CLANG_ANALYZER_NUMBER_OBJECT_CONVERSION = YES_AGGRESSIVE;
				CLANG_CXX_LANGUAGE_STANDARD = "gnu++14";
				CLANG_CXX_LIBRARY = "libc++";
				CLANG_ENABLE_MODULES = YES;
				CLANG_ENABLE_OBJC_ARC = YES;
				CLANG_WARN_BLOCK_CAPTURE_AUTORELEASING = YES;
				CLANG_WARN_BOOL_CONVERSION = YES;
				CLANG_WARN_COMMA = YES;
				CLANG_WARN_CONSTANT_CONVERSION = YES;
				CLANG_WARN_DIRECT_OBJC_ISA_USAGE = YES_ERROR;
				CLANG_WARN_DOCUMENTATION_COMMENTS = YES;
				CLANG_WARN_EMPTY_BODY = YES;
				CLANG_WARN_ENUM_CONVERSION = YES;
				CLANG_WARN_INFINITE_RECURSION = YES;
				CLANG_WARN_INT_CONVERSION = YES;
				CLANG_WARN_NON_LITERAL_NULL_CONVERSION = YES;
				CLANG_WARN_OBJC_LITERAL_CONVERSION = YES;
				CLANG_WARN_OBJC_ROOT_CLASS = YES_ERROR;
				CLANG_WARN_RANGE_LOOP_ANALYSIS = YES;
				CLANG_WARN_STRICT_PROTOTYPES = YES;
				CLANG_WARN_SUSPICIOUS_MOVE = YES;
				CLANG_WARN_UNGUARDED_AVAILABILITY = YES_AGGRESSIVE;
				CLANG_WARN_UNREACHABLE_CODE = YES;
				CLANG_WARN__DUPLICATE_METHOD_MATCH = YES;
				CODE_SIGN_IDENTITY = "iPhone Developer";
				COPY_PHASE_STRIP = NO;
				DEBUG_INFORMATION_FORMAT = dwarf;
				ENABLE_STRICT_OBJC_MSGSEND = YES;
				ENABLE_TESTABILITY = YES;
				GCC_C_LANGUAGE_STANDARD = gnu11;
				GCC_DYNAMIC_NO_PIC = NO;
				GCC_NO_COMMON_BLOCKS = YES;
				GCC_OPTIMIZATION_LEVEL = 0;
				GCC_PREPROCESSOR_DEFINITIONS = (
					"DEBUG=1",
					"$(inherited)",
				);
				GCC_WARN_64_TO_32_BIT_CONVERSION = YES;
				GCC_WARN_ABOUT_RETURN_TYPE = YES_ERROR;
				GCC_WARN_UNDECLARED_SELECTOR = YES;
				GCC_WARN_UNINITIALIZED_AUTOS = YES_AGGRESSIVE;
				GCC_WARN_UNUSED_FUNCTION = YES;
				GCC_WARN_UNUSED_VARIABLE = YES;
				IPHONEOS_DEPLOYMENT_TARGET = 11.2;
				MTL_ENABLE_DEBUG_INFO = YES;
				ONLY_ACTIVE_ARCH = YES;
				SDKROOT = iphoneos;
				SWIFT_ACTIVE_COMPILATION_CONDITIONS = DEBUG;
				SWIFT_OPTIMIZATION_LEVEL = "-Onone";
			};
			name = Debug;
		};
		3E3599B5208E7323000897DB /* Release */ = {
			isa = XCBuildConfiguration;
			buildSettings = {
				ALWAYS_SEARCH_USER_PATHS = NO;
				CLANG_ANALYZER_NONNULL = YES;
				CLANG_ANALYZER_NUMBER_OBJECT_CONVERSION = YES_AGGRESSIVE;
				CLANG_CXX_LANGUAGE_STANDARD = "gnu++14";
				CLANG_CXX_LIBRARY = "libc++";
				CLANG_ENABLE_MODULES = YES;
				CLANG_ENABLE_OBJC_ARC = YES;
				CLANG_WARN_BLOCK_CAPTURE_AUTORELEASING = YES;
				CLANG_WARN_BOOL_CONVERSION = YES;
				CLANG_WARN_COMMA = YES;
				CLANG_WARN_CONSTANT_CONVERSION = YES;
				CLANG_WARN_DIRECT_OBJC_ISA_USAGE = YES_ERROR;
				CLANG_WARN_DOCUMENTATION_COMMENTS = YES;
				CLANG_WARN_EMPTY_BODY = YES;
				CLANG_WARN_ENUM_CONVERSION = YES;
				CLANG_WARN_INFINITE_RECURSION = YES;
				CLANG_WARN_INT_CONVERSION = YES;
				CLANG_WARN_NON_LITERAL_NULL_CONVERSION = YES;
				CLANG_WARN_OBJC_LITERAL_CONVERSION = YES;
				CLANG_WARN_OBJC_ROOT_CLASS = YES_ERROR;
				CLANG_WARN_RANGE_LOOP_ANALYSIS = YES;
				CLANG_WARN_STRICT_PROTOTYPES = YES;
				CLANG_WARN_SUSPICIOUS_MOVE = YES;
				CLANG_WARN_UNGUARDED_AVAILABILITY = YES_AGGRESSIVE;
				CLANG_WARN_UNREACHABLE_CODE = YES;
				CLANG_WARN__DUPLICATE_METHOD_MATCH = YES;
				CODE_SIGN_IDENTITY = "iPhone Developer";
				COPY_PHASE_STRIP = NO;
				DEBUG_INFORMATION_FORMAT = "dwarf-with-dsym";
				ENABLE_NS_ASSERTIONS = NO;
				ENABLE_STRICT_OBJC_MSGSEND = YES;
				GCC_C_LANGUAGE_STANDARD = gnu11;
				GCC_NO_COMMON_BLOCKS = YES;
				GCC_WARN_64_TO_32_BIT_CONVERSION = YES;
				GCC_WARN_ABOUT_RETURN_TYPE = YES_ERROR;
				GCC_WARN_UNDECLARED_SELECTOR = YES;
				GCC_WARN_UNINITIALIZED_AUTOS = YES_AGGRESSIVE;
				GCC_WARN_UNUSED_FUNCTION = YES;
				GCC_WARN_UNUSED_VARIABLE = YES;
				IPHONEOS_DEPLOYMENT_TARGET = 11.2;
				MTL_ENABLE_DEBUG_INFO = NO;
				SDKROOT = iphoneos;
				SWIFT_OPTIMIZATION_LEVEL = "-Owholemodule";
				VALIDATE_PRODUCT = YES;
			};
			name = Release;
		};
		3E3599B7208E7323000897DB /* Debug */ = {
			isa = XCBuildConfiguration;
			buildSettings = {
				ASSETCATALOG_COMPILER_APPICON_NAME = AppIcon;
				CODE_SIGN_STYLE = Automatic;
				INFOPLIST_FILE = app6/Info.plist;
				LD_RUNPATH_SEARCH_PATHS = "$(inherited) @executable_path/Frameworks";
				PRODUCT_BUNDLE_IDENTIFIER = com.codgin.app6;
				PRODUCT_NAME = "$(TARGET_NAME)";
				SWIFT_VERSION = 4.0;
				TARGETED_DEVICE_FAMILY = "1,2";
			};
			name = Debug;
		};
		3E3599B8208E7323000897DB /* Release */ = {
			isa = XCBuildConfiguration;
			buildSettings = {
				ASSETCATALOG_COMPILER_APPICON_NAME = AppIcon;
				CODE_SIGN_STYLE = Automatic;
				INFOPLIST_FILE = app6/Info.plist;
				LD_RUNPATH_SEARCH_PATHS = "$(inherited) @executable_path/Frameworks";
				PRODUCT_BUNDLE_IDENTIFIER = com.codgin.app6;
				PRODUCT_NAME = "$(TARGET_NAME)";
				SWIFT_VERSION = 4.0;
				TARGETED_DEVICE_FAMILY = "1,2";
			};
			name = Release;
		};
		3E3599BA208E7323000897DB /* Debug */ = {
			isa = XCBuildConfiguration;
			buildSettings = {
				ALWAYS_EMBED_SWIFT_STANDARD_LIBRARIES = YES;
				BUNDLE_LOADER = "$(TEST_HOST)";
				CODE_SIGN_STYLE = Automatic;
				INFOPLIST_FILE = app6Tests/Info.plist;
				LD_RUNPATH_SEARCH_PATHS = "$(inherited) @executable_path/Frameworks @loader_path/Frameworks";
				PRODUCT_BUNDLE_IDENTIFIER = com.codgin.app6Tests;
				PRODUCT_NAME = "$(TARGET_NAME)";
				SWIFT_VERSION = 4.0;
				TARGETED_DEVICE_FAMILY = "1,2";
				TEST_HOST = "$(BUILT_PRODUCTS_DIR)/app6.app/app6";
			};
			name = Debug;
		};
		3E3599BB208E7323000897DB /* Release */ = {
			isa = XCBuildConfiguration;
			buildSettings = {
				ALWAYS_EMBED_SWIFT_STANDARD_LIBRARIES = YES;
				BUNDLE_LOADER = "$(TEST_HOST)";
				CODE_SIGN_STYLE = Automatic;
				INFOPLIST_FILE = app6Tests/Info.plist;
				LD_RUNPATH_SEARCH_PATHS = "$(inherited) @executable_path/Frameworks @loader_path/Frameworks";
				PRODUCT_BUNDLE_IDENTIFIER = com.codgin.app6Tests;
				PRODUCT_NAME = "$(TARGET_NAME)";
				SWIFT_VERSION = 4.0;
				TARGETED_DEVICE_FAMILY = "1,2";
				TEST_HOST = "$(BUILT_PRODUCTS_DIR)/app6.app/app6";
			};
			name = Release;
		};
		3E3599BD208E7323000897DB /* Debug */ = {
			isa = XCBuildConfiguration;
			buildSettings = {
				ALWAYS_EMBED_SWIFT_STANDARD_LIBRARIES = YES;
				CODE_SIGN_STYLE = Automatic;
				INFOPLIST_FILE = app6UITests/Info.plist;
				LD_RUNPATH_SEARCH_PATHS = "$(inherited) @executable_path/Frameworks @loader_path/Frameworks";
				PRODUCT_BUNDLE_IDENTIFIER = com.codgin.app6UITests;
				PRODUCT_NAME = "$(TARGET_NAME)";
				SWIFT_VERSION = 4.0;
				TARGETED_DEVICE_FAMILY = "1,2";
				TEST_TARGET_NAME = app6;
			};
			name = Debug;
		};
		3E3599BE208E7323000897DB /* Release */ = {
			isa = XCBuildConfiguration;
			buildSettings = {
				ALWAYS_EMBED_SWIFT_STANDARD_LIBRARIES = YES;
				CODE_SIGN_STYLE = Automatic;
				INFOPLIST_FILE = app6UITests/Info.plist;
				LD_RUNPATH_SEARCH_PATHS = "$(inherited) @executable_path/Frameworks @loader_path/Frameworks";
				PRODUCT_BUNDLE_IDENTIFIER = com.codgin.app6UITests;
				PRODUCT_NAME = "$(TARGET_NAME)";
				SWIFT_VERSION = 4.0;
				TARGETED_DEVICE_FAMILY = "1,2";
				TEST_TARGET_NAME = app6;
			};
			name = Release;
		};
/* End XCBuildConfiguration section */

/* Begin XCConfigurationList section */
		3E359989208E7322000897DB /* Build configuration list for PBXProject "app6" */ = {
			isa = XCConfigurationList;
			buildConfigurations = (
				3E3599B4208E7323000897DB /* Debug */,
				3E3599B5208E7323000897DB /* Release */,
			);
			defaultConfigurationIsVisible = 0;
			defaultConfigurationName = Release;
		};
		3E3599B6208E7323000897DB /* Build configuration list for PBXNativeTarget "app6" */ = {
			isa = XCConfigurationList;
			buildConfigurations = (
				3E3599B7208E7323000897DB /* Debug */,
				3E3599B8208E7323000897DB /* Release */,
			);
			defaultConfigurationIsVisible = 0;
			defaultConfigurationName = Release;
		};
		3E3599B9208E7323000897DB /* Build configuration list for PBXNativeTarget "app6Tests" */ = {
			isa = XCConfigurationList;
			buildConfigurations = (
				3E3599BA208E7323000897DB /* Debug */,
				3E3599BB208E7323000897DB /* Release */,
			);
			defaultConfigurationIsVisible = 0;
			defaultConfigurationName = Release;
		};
		3E3599BC208E7323000897DB /* Build configuration list for PBXNativeTarget "app6UITests" */ = {
			isa = XCConfigurationList;
			buildConfigurations = (
				3E3599BD208E7323000897DB /* Debug */,
				3E3599BE208E7323000897DB /* Release */,
			);
			defaultConfigurationIsVisible = 0;
			defaultConfigurationName = Release;
		};
/* End XCConfigurationList section */
	};
	rootObject = 3E359986208E7322000897DB /* Project object */;
}
